
Microsoft Visual Studio Solution File, Format Version 12.00
# Visual Studio Version 16
VisualStudioVersion = 25.0.1705.6
MinimumVisualStudioVersion = 10.0.40219.1
Project("{F2A71F9B-5D33-465A-A702-920D77279786}") = "fsharp-consumer", "fsharp-consumer.fsproj", "{BC54A10F-1D44-4DF5-A11C-A80A69724F5B}"
EndProject
Global
	GlobalSection(SolutionConfigurationPlatforms) = preSolution
		Debug|Any CPU = Debug|Any CPU
		Release|Any CPU = Release|Any CPU
	EndGlobalSection
	GlobalSection(ProjectConfigurationPlatforms) = postSolution
		{BC54A10F-1D44-4DF5-A11C-A80A69724F5B}.Debug|Any CPU.ActiveCfg = Debug|Any CPU
		{BC54A10F-1D44-4DF5-A11C-A80A69724F5B}.Debug|Any CPU.Build.0 = Debug|Any CPU
		{BC54A10F-1D44-4DF5-A11C-A80A69724F5B}.Release|Any CPU.ActiveCfg = Release|Any CPU
		{BC54A10F-1D44-4DF5-A11C-A80A69724F5B}.Release|Any CPU.Build.0 = Release|Any CPU
	EndGlobalSection
	GlobalSection(SolutionProperties) = preSolution
		HideSolutionNode = FALSE
	EndGlobalSection
	GlobalSection(ExtensibilityGlobals) = postSolution
		SolutionGuid = {EA3E2037-9E5C-4554-85DD-34160F73CCC3}
	EndGlobalSection
EndGlobal
